
Microsoft Visual Studio Solution File, Format Version 12.00
# Visual Studio 15
VisualStudioVersion = 15.0.28010.2026
MinimumVisualStudioVersion = 10.0.40219.1
Project("{FAE04EC0-301F-11D3-BF4B-00C04F79EFBC}") = "ClientSideProgramming", "ClientSideProgramming\ClientSideProgramming.csproj", "{8D540D92-DCB0-4029-A258-354DD95E2B0C}"
EndProject
Global
	GlobalSection(SolutionConfigurationPlatforms) = preSolution
		Debug|Any CPU = Debug|Any CPU
		Release|Any CPU = Release|Any CPU
	EndGlobalSection
	GlobalSection(ProjectConfigurationPlatforms) = postSolution
		{8D540D92-DCB0-4029-A258-354DD95E2B0C}.Debug|Any CPU.ActiveCfg = Debug|Any CPU
		{8D540D92-DCB0-4029-A258-354DD95E2B0C}.Debug|Any CPU.Build.0 = Debug|Any CPU
		{8D540D92-DCB0-4029-A258-354DD95E2B0C}.Release|Any CPU.ActiveCfg = Release|Any CPU
		{8D540D92-DCB0-4029-A258-354DD95E2B0C}.Release|Any CPU.Build.0 = Release|Any CPU
	EndGlobalSection
	GlobalSection(SolutionProperties) = preSolution
		HideSolutionNode = FALSE
	EndGlobalSection
	GlobalSection(ExtensibilityGlobals) = postSolution
		SolutionGuid = {2F1C73D8-DBC7-46A2-BB39-F5BD2DFF4B40}
	EndGlobalSection
EndGlobal
